
Microsoft Visual Studio Solution File, Format Version 12.00
# Visual Studio Version 17
VisualStudioVersion = 17.8.34330.188
MinimumVisualStudioVersion = 10.0.40219.1
Project("{FAE04EC0-301F-11D3-BF4B-00C04F79EFBC}") = "App", "App\App.csproj", "{3775D00C-343E-4855-A0D4-73B7A73B4CC2}"
EndProject
Global
	GlobalSection(SolutionConfigurationPlatforms) = preSolution
		Debug|Any CPU = Debug|Any CPU
		Release|Any CPU = Release|Any CPU
	EndGlobalSection
	GlobalSection(ProjectConfigurationPlatforms) = postSolution
		{3775D00C-343E-4855-A0D4-73B7A73B4CC2}.Debug|Any CPU.ActiveCfg = Debug|Any CPU
		{3775D00C-343E-4855-A0D4-73B7A73B4CC2}.Debug|Any CPU.Build.0 = Debug|Any CPU
		{3775D00C-343E-4855-A0D4-73B7A73B4CC2}.Release|Any CPU.ActiveCfg = Release|Any CPU
		{3775D00C-343E-4855-A0D4-73B7A73B4CC2}.Release|Any CPU.Build.0 = Release|Any CPU
	EndGlobalSection
	GlobalSection(SolutionProperties) = preSolution
		HideSolutionNode = FALSE
	EndGlobalSection
	GlobalSection(ExtensibilityGlobals) = postSolution
		SolutionGuid = {8FCD5190-3554-4D1B-A78F-EC758BBFD6A0}
	EndGlobalSection
EndGlobal
